{
  "name": "cua-streaming-example-node",
  "version": "0.0.0",
  "lockfileVersion": 3,
  "requires": true,
  "packages": {
    "": {
      "name": "cua-streaming-example-node",
      "version": "0.0.0",
      "dependencies": {
        "@trycua/cua": "file:../../../libs/cua/typescript"
      },
      "engines": {
        "node": ">=23.6"
      }
    },
    "../../../libs/cua/typescript": {
      "name": "@trycua/cua",
      "version": "0.2.0",
      "license": "MIT",
      "dependencies": {
        "@ubjs/core": "0.31.0-3",
        "@ubjs/node": "0.31.0-3"
      },
      "devDependencies": {
        "@modelcontextprotocol/client": "2.1.0",
        "@types/node": "^22.0.0",
        "typescript": "^5.7.0",
        "uniffi-bindgen-react-native": "0.31.0-3"
      },
      "peerDependencies": {
        "@modelcontextprotocol/client": "^2.1.0"
      },
      "peerDependenciesMeta": {
        "@modelcontextprotocol/client": {
          "optional": true
        }
      }
    },
    "node_modules/@trycua/cua": {
      "resolved": "../../../libs/cua/typescript",
      "link": true
    }
  }
}
